
Microsoft Visual Studio Solution File, Format Version 12.00
# Visual Studio Version 17
VisualStudioVersion = 17.12.35506.116 d17.12
MinimumVisualStudioVersion = 10.0.40219.1
Project("{FAE04EC0-301F-11D3-BF4B-00C04F79EFBC}") = "AssemblyInterpreter", "AssemblyInterpreter\AssemblyInterpreter.csproj", "{84CCBCFF-292D-41AF-8B1D-6FBF606A8E81}"
EndProject
Project("{FAE04EC0-301F-11D3-BF4B-00C04F79EFBC}") = "AssemblyInterpreter.Specs", "AssemblyInterpreter.Specs\AssemblyInterpreter.Specs.csproj", "{94356E3A-73D0-44DE-B0EC-806697DE26F4}"
EndProject
Global
	GlobalSection(SolutionConfigurationPlatforms) = preSolution
		Debug|Any CPU = Debug|Any CPU
		Release|Any CPU = Release|Any CPU
	EndGlobalSection
	GlobalSection(ProjectConfigurationPlatforms) = postSolution
		{84CCBCFF-292D-41AF-8B1D-6FBF606A8E81}.Debug|Any CPU.ActiveCfg = Debug|Any CPU
		{84CCBCFF-292D-41AF-8B1D-6FBF606A8E81}.Debug|Any CPU.Build.0 = Debug|Any CPU
		{84CCBCFF-292D-41AF-8B1D-6FBF606A8E81}.Release|Any CPU.ActiveCfg = Release|Any CPU
		{84CCBCFF-292D-41AF-8B1D-6FBF606A8E81}.Release|Any CPU.Build.0 = Release|Any CPU
		{94356E3A-73D0-44DE-B0EC-806697DE26F4}.Debug|Any CPU.ActiveCfg = Debug|Any CPU
		{94356E3A-73D0-44DE-B0EC-806697DE26F4}.Debug|Any CPU.Build.0 = Debug|Any CPU
		{94356E3A-73D0-44DE-B0EC-806697DE26F4}.Release|Any CPU.ActiveCfg = Release|Any CPU
		{94356E3A-73D0-44DE-B0EC-806697DE26F4}.Release|Any CPU.Build.0 = Release|Any CPU
	EndGlobalSection
	GlobalSection(SolutionProperties) = preSolution
		HideSolutionNode = FALSE
	EndGlobalSection
EndGlobal
